
Microsoft Visual Studio Solution File, Format Version 12.00
# Visual Studio Version 17
VisualStudioVersion = 17.14.36518.9
MinimumVisualStudioVersion = 10.0.40219.1
Project("{FAE04EC0-301F-11D3-BF4B-00C04F79EFBC}") = "Streamly.Api", "Streamly.Api\Streamly.Api.csproj", "{656D499A-FB65-48A6-B290-01DD9015FAAA}"
EndProject
Project("{FAE04EC0-301F-11D3-BF4B-00C04F79EFBC}") = "Streamly.Api.Tests", "Streamly.Api.Tests\Streamly.Api.Tests.csproj", "{9F35AD9D-235F-48E9-8BF5-107427298E8F}"
EndProject
Global
	GlobalSection(SolutionConfigurationPlatforms) = preSolution
		Debug|Any CPU = Debug|Any CPU
		Debug|x64 = Debug|x64
		Debug|x86 = Debug|x86
		Release|Any CPU = Release|Any CPU
		Release|x64 = Release|x64
		Release|x86 = Release|x86
	EndGlobalSection
	GlobalSection(ProjectConfigurationPlatforms) = postSolution
		{656D499A-FB65-48A6-B290-01DD9015FAAA}.Debug|Any CPU.ActiveCfg = Debug|Any CPU
		{656D499A-FB65-48A6-B290-01DD9015FAAA}.Debug|Any CPU.Build.0 = Debug|Any CPU
		{656D499A-FB65-48A6-B290-01DD9015FAAA}.Debug|x64.ActiveCfg = Debug|Any CPU
		{656D499A-FB65-48A6-B290-01DD9015FAAA}.Debug|x64.Build.0 = Debug|Any CPU
		{656D499A-FB65-48A6-B290-01DD9015FAAA}.Debug|x86.ActiveCfg = Debug|Any CPU
		{656D499A-FB65-48A6-B290-01DD9015FAAA}.Debug|x86.Build.0 = Debug|Any CPU
		{656D499A-FB65-48A6-B290-01DD9015FAAA}.Release|Any CPU.ActiveCfg = Release|Any CPU
		{656D499A-FB65-48A6-B290-01DD9015FAAA}.Release|Any CPU.Build.0 = Release|Any CPU
		{656D499A-FB65-48A6-B290-01DD9015FAAA}.Release|x64.ActiveCfg = Release|Any CPU
		{656D499A-FB65-48A6-B290-01DD9015FAAA}.Release|x64.Build.0 = Release|Any CPU
		{656D499A-FB65-48A6-B290-01DD9015FAAA}.Release|x86.ActiveCfg = Release|Any CPU
		{656D499A-FB65-48A6-B290-01DD9015FAAA}.Release|x86.Build.0 = Release|Any CPU
		{9F35AD9D-235F-48E9-8BF5-107427298E8F}.Debug|Any CPU.ActiveCfg = Debug|Any CPU
		{9F35AD9D-235F-48E9-8BF5-107427298E8F}.Debug|Any CPU.Build.0 = Debug|Any CPU
		{9F35AD9D-235F-48E9-8BF5-107427298E8F}.Debug|x64.ActiveCfg = Debug|Any CPU
		{9F35AD9D-235F-48E9-8BF5-107427298E8F}.Debug|x64.Build.0 = Debug|Any CPU
		{9F35AD9D-235F-48E9-8BF5-107427298E8F}.Debug|x86.ActiveCfg = Debug|Any CPU
		{9F35AD9D-235F-48E9-8BF5-107427298E8F}.Debug|x86.Build.0 = Debug|Any CPU
		{9F35AD9D-235F-48E9-8BF5-107427298E8F}.Release|Any CPU.ActiveCfg = Release|Any CPU
		{9F35AD9D-235F-48E9-8BF5-107427298E8F}.Release|Any CPU.Build.0 = Release|Any CPU
		{9F35AD9D-235F-48E9-8BF5-107427298E8F}.Release|x64.ActiveCfg = Release|Any CPU
		{9F35AD9D-235F-48E9-8BF5-107427298E8F}.Release|x64.Build.0 = Release|Any CPU
		{9F35AD9D-235F-48E9-8BF5-107427298E8F}.Release|x86.ActiveCfg = Release|Any CPU
		{9F35AD9D-235F-48E9-8BF5-107427298E8F}.Release|x86.Build.0 = Release|Any CPU
	EndGlobalSection
	GlobalSection(SolutionProperties) = preSolution
		HideSolutionNode = FALSE
	EndGlobalSection
	GlobalSection(ExtensibilityGlobals) = postSolution
		SolutionGuid = {89DC77B7-983E-41CC-9D92-401E9BADF706}
	EndGlobalSection
EndGlobal
